
Microsoft Visual Studio Solution File, Format Version 12.00
# Visual Studio Version 16
VisualStudioVersion = 16.0.31624.102
MinimumVisualStudioVersion = 10.0.40219.1
Project("{2150E333-8FDC-42A3-9474-1A3956D46DE8}") = "Source", "Source", "{CD45E301-EDC6-4ECD-BB1F-F56C597F2AF7}"
EndProject
Project("{2150E333-8FDC-42A3-9474-1A3956D46DE8}") = "WebApi", "WebApi", "{1802B03C-0AA6-43F1-ADEA-F259FC4CF96F}"
EndProject
Project("{FAE04EC0-301F-11D3-BF4B-00C04F79EFBC}") = "ClearwoxCodeChallenge.WebApi", "ClearwoxCodeChallenge\ClearwoxCodeChallenge.WebApi\ClearwoxCodeChallenge.WebApi.csproj", "{7B07B943-6DA2-4BBD-9E72-1F4825CCEBBB}"
EndProject
Project("{2150E333-8FDC-42A3-9474-1A3956D46DE8}") = "Core", "Core", "{78E5EC00-3A88-4EE1-8D8B-D99F94342B13}"
EndProject
Project("{FAE04EC0-301F-11D3-BF4B-00C04F79EFBC}") = "ClearwoxCodeChallenge.Application", "ClearwoxCodeChallenge\ClearwoxCodeChallenge.Application\ClearwoxCodeChallenge.Application.csproj", "{B3B15A29-9692-4951-9A43-134BA46F57B2}"
EndProject
Project("{FAE04EC0-301F-11D3-BF4B-00C04F79EFBC}") = "ClearwoxCodeChallenge.Domain", "ClearwoxCodeChallenge\ClearwoxCodeChallenge.Domain\ClearwoxCodeChallenge.Domain.csproj", "{2EC5CCD1-CDE2-4AE2-A5C3-E947A0C52CC0}"
EndProject
Project("{2150E333-8FDC-42A3-9474-1A3956D46DE8}") = "Infrastructure", "Infrastructure", "{FE6C1B49-1413-4CF9-8173-B7927B55A7B8}"
EndProject
Project("{FAE04EC0-301F-11D3-BF4B-00C04F79EFBC}") = "ClearwoxCodeChallenge.Infrastructure.Identity", "ClearwoxCodeChallenge\ClearwoxCodeChallenge.Infrastructure.Identity\ClearwoxCodeChallenge.Infrastructure.Identity.csproj", "{09044A9D-D7F4-439E-9E3D-9912E105D8B1}"
EndProject
Project("{FAE04EC0-301F-11D3-BF4B-00C04F79EFBC}") = "ClearwoxCodeChallenge.Infrastructure.Persistence", "ClearwoxCodeChallenge\ClearwoxCodeChallenge.Infrastructure.Persistence\ClearwoxCodeChallenge.Infrastructure.Persistence.csproj", "{FA68195F-6B88-480C-966E-71D4984A20BA}"
EndProject
Project("{FAE04EC0-301F-11D3-BF4B-00C04F79EFBC}") = "ClearwoxCodeChallenge.Infrastructure.Shared", "ClearwoxCodeChallenge\ClearwoxCodeChallenge.Infrastructure.Shared\ClearwoxCodeChallenge.Infrastructure.Shared.csproj", "{E804721F-A05B-41D4-8EEF-61D81F945EA2}"
EndProject
Global
	GlobalSection(SolutionConfigurationPlatforms) = preSolution
		Debug|Any CPU = Debug|Any CPU
		Release|Any CPU = Release|Any CPU
	EndGlobalSection
	GlobalSection(ProjectConfigurationPlatforms) = postSolution
		{7B07B943-6DA2-4BBD-9E72-1F4825CCEBBB}.Debug|Any CPU.ActiveCfg = Debug|Any CPU
		{7B07B943-6DA2-4BBD-9E72-1F4825CCEBBB}.Debug|Any CPU.Build.0 = Debug|Any CPU
		{7B07B943-6DA2-4BBD-9E72-1F4825CCEBBB}.Release|Any CPU.ActiveCfg = Release|Any CPU
		{7B07B943-6DA2-4BBD-9E72-1F4825CCEBBB}.Release|Any CPU.Build.0 = Release|Any CPU
		{B3B15A29-9692-4951-9A43-134BA46F57B2}.Debug|Any CPU.ActiveCfg = Debug|Any CPU
		{B3B15A29-9692-4951-9A43-134BA46F57B2}.Debug|Any CPU.Build.0 = Debug|Any CPU
		{B3B15A29-9692-4951-9A43-134BA46F57B2}.Release|Any CPU.ActiveCfg = Release|Any CPU
		{B3B15A29-9692-4951-9A43-134BA46F57B2}.Release|Any CPU.Build.0 = Release|Any CPU
		{2EC5CCD1-CDE2-4AE2-A5C3-E947A0C52CC0}.Debug|Any CPU.ActiveCfg = Debug|Any CPU
		{2EC5CCD1-CDE2-4AE2-A5C3-E947A0C52CC0}.Debug|Any CPU.Build.0 = Debug|Any CPU
		{2EC5CCD1-CDE2-4AE2-A5C3-E947A0C52CC0}.Release|Any CPU.ActiveCfg = Release|Any CPU
		{2EC5CCD1-CDE2-4AE2-A5C3-E947A0C52CC0}.Release|Any CPU.Build.0 = Release|Any CPU
		{09044A9D-D7F4-439E-9E3D-9912E105D8B1}.Debug|Any CPU.ActiveCfg = Debug|Any CPU
		{09044A9D-D7F4-439E-9E3D-9912E105D8B1}.Debug|Any CPU.Build.0 = Debug|Any CPU
		{09044A9D-D7F4-439E-9E3D-9912E105D8B1}.Release|Any CPU.ActiveCfg = Release|Any CPU
		{09044A9D-D7F4-439E-9E3D-9912E105D8B1}.Release|Any CPU.Build.0 = Release|Any CPU
		{FA68195F-6B88-480C-966E-71D4984A20BA}.Debug|Any CPU.ActiveCfg = Debug|Any CPU
		{FA68195F-6B88-480C-966E-71D4984A20BA}.Debug|Any CPU.Build.0 = Debug|Any CPU
		{FA68195F-6B88-480C-966E-71D4984A20BA}.Release|Any CPU.ActiveCfg = Release|Any CPU
		{FA68195F-6B88-480C-966E-71D4984A20BA}.Release|Any CPU.Build.0 = Release|Any CPU
		{E804721F-A05B-41D4-8EEF-61D81F945EA2}.Debug|Any CPU.ActiveCfg = Debug|Any CPU
		{E804721F-A05B-41D4-8EEF-61D81F945EA2}.Debug|Any CPU.Build.0 = Debug|Any CPU
		{E804721F-A05B-41D4-8EEF-61D81F945EA2}.Release|Any CPU.ActiveCfg = Release|Any CPU
		{E804721F-A05B-41D4-8EEF-61D81F945EA2}.Release|Any CPU.Build.0 = Release|Any CPU
	EndGlobalSection
	GlobalSection(SolutionProperties) = preSolution
		HideSolutionNode = FALSE
	EndGlobalSection
	GlobalSection(NestedProjects) = preSolution
		{1802B03C-0AA6-43F1-ADEA-F259FC4CF96F} = {CD45E301-EDC6-4ECD-BB1F-F56C597F2AF7}
		{7B07B943-6DA2-4BBD-9E72-1F4825CCEBBB} = {1802B03C-0AA6-43F1-ADEA-F259FC4CF96F}
		{78E5EC00-3A88-4EE1-8D8B-D99F94342B13} = {CD45E301-EDC6-4ECD-BB1F-F56C597F2AF7}
		{B3B15A29-9692-4951-9A43-134BA46F57B2} = {78E5EC00-3A88-4EE1-8D8B-D99F94342B13}
		{2EC5CCD1-CDE2-4AE2-A5C3-E947A0C52CC0} = {78E5EC00-3A88-4EE1-8D8B-D99F94342B13}
		{FE6C1B49-1413-4CF9-8173-B7927B55A7B8} = {CD45E301-EDC6-4ECD-BB1F-F56C597F2AF7}
		{09044A9D-D7F4-439E-9E3D-9912E105D8B1} = {FE6C1B49-1413-4CF9-8173-B7927B55A7B8}
		{FA68195F-6B88-480C-966E-71D4984A20BA} = {FE6C1B49-1413-4CF9-8173-B7927B55A7B8}
		{E804721F-A05B-41D4-8EEF-61D81F945EA2} = {FE6C1B49-1413-4CF9-8173-B7927B55A7B8}
	EndGlobalSection
	GlobalSection(ExtensibilityGlobals) = postSolution
		SolutionGuid = {5690F381-A813-495C-B642-16E50396E850}
	EndGlobalSection
EndGlobal
